
Microsoft Visual Studio Solution File, Format Version 12.00
# Visual Studio 2013
VisualStudioVersion = 12.0.40629.0
MinimumVisualStudioVersion = 10.0.40219.1
Project("{FAE04EC0-301F-11D3-BF4B-00C04F79EFBC}") = "SqlElasticBridge", "SqlElasticBridge\SqlElasticBridge.csproj", "{BEBA79BA-C608-4AE2-82B1-DEEDB38670E6}"
EndProject
Project("{FAE04EC0-301F-11D3-BF4B-00C04F79EFBC}") = "SqlElasticBridge.Tests", "SqlElasticBridge.Tests\SqlElasticBridge.Tests.csproj", "{2C03BA56-2069-44D6-9CF2-1B7B2185BAE4}"
EndProject
Global
	GlobalSection(SolutionConfigurationPlatforms) = preSolution
		Debug|Any CPU = Debug|Any CPU
		Release|Any CPU = Release|Any CPU
	EndGlobalSection
	GlobalSection(ProjectConfigurationPlatforms) = postSolution
		{BEBA79BA-C608-4AE2-82B1-DEEDB38670E6}.Debug|Any CPU.ActiveCfg = Debug|Any CPU
		{BEBA79BA-C608-4AE2-82B1-DEEDB38670E6}.Debug|Any CPU.Build.0 = Debug|Any CPU
		{BEBA79BA-C608-4AE2-82B1-DEEDB38670E6}.Release|Any CPU.ActiveCfg = Release|Any CPU
		{BEBA79BA-C608-4AE2-82B1-DEEDB38670E6}.Release|Any CPU.Build.0 = Release|Any CPU
		{2C03BA56-2069-44D6-9CF2-1B7B2185BAE4}.Debug|Any CPU.ActiveCfg = Debug|Any CPU
		{2C03BA56-2069-44D6-9CF2-1B7B2185BAE4}.Debug|Any CPU.Build.0 = Debug|Any CPU
		{2C03BA56-2069-44D6-9CF2-1B7B2185BAE4}.Release|Any CPU.ActiveCfg = Release|Any CPU
		{2C03BA56-2069-44D6-9CF2-1B7B2185BAE4}.Release|Any CPU.Build.0 = Release|Any CPU
	EndGlobalSection
	GlobalSection(SolutionProperties) = preSolution
		HideSolutionNode = FALSE
	EndGlobalSection
EndGlobal
